
Microsoft Visual Studio Solution File, Format Version 12.00
# Visual Studio Version 17
VisualStudioVersion = 17.13.35913.81
MinimumVisualStudioVersion = 10.0.40219.1
Project("{FAE04EC0-301F-11D3-BF4B-00C04F79EFBC}") = "GateWay", "GateWay\GateWay.csproj", "{76A04810-43C6-41EC-8301-8989A90955C8}"
EndProject
Project("{FAE04EC0-301F-11D3-BF4B-00C04F79EFBC}") = "IdentityService", "IdentityService\IdentityService.csproj", "{48ADB1B0-76BF-46C7-A427-310942794BF0}"
EndProject
Project("{2150E333-8FDC-42A3-9474-1A3956D46DE8}") = "Solution Items", "Solution Items", "{8EC462FD-D22E-90A8-E5CE-7E832BA40C5D}"
	ProjectSection(SolutionItems) = preProject
		docker-compose.yml = docker-compose.yml
	EndProjectSection
EndProject
Project("{FAE04EC0-301F-11D3-BF4B-00C04F79EFBC}") = "MusicService", "MusicService\MusicService.csproj", "{466B5AF1-C3E3-466C-8E98-541AC7B2C4CD}"
EndProject
Project("{FAE04EC0-301F-11D3-BF4B-00C04F79EFBC}") = "Favorite-service", "Favorite-service\Favorite-service.csproj", "{A136D204-156A-49C4-AE51-DA3B44D05CE8}"
EndProject
Global
	GlobalSection(SolutionConfigurationPlatforms) = preSolution
		Debug|Any CPU = Debug|Any CPU
		Release|Any CPU = Release|Any CPU
	EndGlobalSection
	GlobalSection(ProjectConfigurationPlatforms) = postSolution
		{76A04810-43C6-41EC-8301-8989A90955C8}.Debug|Any CPU.ActiveCfg = Debug|Any CPU
		{76A04810-43C6-41EC-8301-8989A90955C8}.Debug|Any CPU.Build.0 = Debug|Any CPU
		{76A04810-43C6-41EC-8301-8989A90955C8}.Release|Any CPU.ActiveCfg = Release|Any CPU
		{76A04810-43C6-41EC-8301-8989A90955C8}.Release|Any CPU.Build.0 = Release|Any CPU
		{48ADB1B0-76BF-46C7-A427-310942794BF0}.Debug|Any CPU.ActiveCfg = Debug|Any CPU
		{48ADB1B0-76BF-46C7-A427-310942794BF0}.Debug|Any CPU.Build.0 = Debug|Any CPU
		{48ADB1B0-76BF-46C7-A427-310942794BF0}.Release|Any CPU.ActiveCfg = Release|Any CPU
		{48ADB1B0-76BF-46C7-A427-310942794BF0}.Release|Any CPU.Build.0 = Release|Any CPU
		{466B5AF1-C3E3-466C-8E98-541AC7B2C4CD}.Debug|Any CPU.ActiveCfg = Debug|Any CPU
		{466B5AF1-C3E3-466C-8E98-541AC7B2C4CD}.Debug|Any CPU.Build.0 = Debug|Any CPU
		{466B5AF1-C3E3-466C-8E98-541AC7B2C4CD}.Release|Any CPU.ActiveCfg = Release|Any CPU
		{466B5AF1-C3E3-466C-8E98-541AC7B2C4CD}.Release|Any CPU.Build.0 = Release|Any CPU
		{A136D204-156A-49C4-AE51-DA3B44D05CE8}.Debug|Any CPU.ActiveCfg = Debug|Any CPU
		{A136D204-156A-49C4-AE51-DA3B44D05CE8}.Debug|Any CPU.Build.0 = Debug|Any CPU
		{A136D204-156A-49C4-AE51-DA3B44D05CE8}.Release|Any CPU.ActiveCfg = Release|Any CPU
		{A136D204-156A-49C4-AE51-DA3B44D05CE8}.Release|Any CPU.Build.0 = Release|Any CPU
	EndGlobalSection
	GlobalSection(SolutionProperties) = preSolution
		HideSolutionNode = FALSE
	EndGlobalSection
	GlobalSection(ExtensibilityGlobals) = postSolution
		SolutionGuid = {93C829A6-78DC-4E34-8A1D-D20F830761FB}
	EndGlobalSection
EndGlobal
